
Microsoft Visual Studio Solution File, Format Version 12.00
# Visual Studio Version 16
VisualStudioVersion = 16.0.28729.10
MinimumVisualStudioVersion = 10.0.40219.1
Project("{FAE04EC0-301F-11D3-BF4B-00C04F79EFBC}") = "Education", "Education\Education.csproj", "{C2844087-A9ED-4EC8-934C-DF855E281421}"
EndProject
Global
	GlobalSection(SolutionConfigurationPlatforms) = preSolution
		Debug|Any CPU = Debug|Any CPU
		Release|Any CPU = Release|Any CPU
	EndGlobalSection
	GlobalSection(ProjectConfigurationPlatforms) = postSolution
		{C2844087-A9ED-4EC8-934C-DF855E281421}.Debug|Any CPU.ActiveCfg = Debug|Any CPU
		{C2844087-A9ED-4EC8-934C-DF855E281421}.Debug|Any CPU.Build.0 = Debug|Any CPU
		{C2844087-A9ED-4EC8-934C-DF855E281421}.Release|Any CPU.ActiveCfg = Release|Any CPU
		{C2844087-A9ED-4EC8-934C-DF855E281421}.Release|Any CPU.Build.0 = Release|Any CPU
	EndGlobalSection
	GlobalSection(SolutionProperties) = preSolution
		HideSolutionNode = FALSE
	EndGlobalSection
	GlobalSection(ExtensibilityGlobals) = postSolution
		SolutionGuid = {BEA86FCD-56F4-420D-9284-CE4EBC8AE2AA}
	EndGlobalSection
EndGlobal
